
Microsoft Visual Studio Solution File, Format Version 12.00
# Visual Studio Version 16
VisualStudioVersion = 16.0.30225.117
MinimumVisualStudioVersion = 10.0.40219.1
Project("{FAE04EC0-301F-11D3-BF4B-00C04F79EFBC}") = "Room Calculator", "Room Calculator.csproj", "{A9D779AB-C8D4-4128-A75C-44B818BF2EBB}"
EndProject
Global
	GlobalSection(SolutionConfigurationPlatforms) = preSolution
		Debug|Any CPU = Debug|Any CPU
		Release|Any CPU = Release|Any CPU
	EndGlobalSection
	GlobalSection(ProjectConfigurationPlatforms) = postSolution
		{A9D779AB-C8D4-4128-A75C-44B818BF2EBB}.Debug|Any CPU.ActiveCfg = Debug|Any CPU
		{A9D779AB-C8D4-4128-A75C-44B818BF2EBB}.Debug|Any CPU.Build.0 = Debug|Any CPU
		{A9D779AB-C8D4-4128-A75C-44B818BF2EBB}.Release|Any CPU.ActiveCfg = Release|Any CPU
		{A9D779AB-C8D4-4128-A75C-44B818BF2EBB}.Release|Any CPU.Build.0 = Release|Any CPU
	EndGlobalSection
	GlobalSection(SolutionProperties) = preSolution
		HideSolutionNode = FALSE
	EndGlobalSection
	GlobalSection(ExtensibilityGlobals) = postSolution
		SolutionGuid = {CDA4C9DD-88BF-4153-AC97-B22A7B404740}
	EndGlobalSection
EndGlobal
